{
  "name": "@shaman-apprentice/i18n-parrot",
  "version": "1.0.0",
  "lockfileVersion": 3,
  "requires": true,
  "packages": {
    "": {
      "name": "@shaman-apprentice/i18n-parrot",
      "version": "1.0.0",
      "license": "MIT",
      "bin": {
        "i18n-parrot": "bin/index.mjs"
      },
      "devDependencies": {
        "@shaman-apprentice/release-parrot": "^1.1.1"
      },
      "engines": {
        "node": ">=24"
      }
    },
    "node_modules/@shaman-apprentice/release-parrot": {
      "version": "1.1.1",
      "resolved": "https://registry.npmjs.org/@shaman-apprentice/release-parrot/-/release-parrot-1.1.1.tgz",
      "integrity": "sha512-CC3O3Oyb/lFKBlFcAEgfu3lf/aENKZhcYVLIByVurdNqkkN2CpdAw1xvKDLqsxM+oSoVD5MEmxYMPpAW2N4BPg==",
      "dev": true,
      "license": "MIT",
      "bin": {
        "release-parrot": "bin/index.mjs"
      },
      "engines": {
        "node": ">=22"
      }
    }
  }
}
